
Microsoft Visual Studio Solution File, Format Version 12.00
# Visual Studio Version 16
VisualStudioVersion = 16.0.32106.194
MinimumVisualStudioVersion = 10.0.40219.1
Project("{FAE04EC0-301F-11D3-BF4B-00C04F79EFBC}") = "TextRPG2player", "TextRPG2player\TextRPG2player.csproj", "{CEFB9EF7-3FBE-42A0-A339-C096979DCC4F}"
EndProject
Global
	GlobalSection(SolutionConfigurationPlatforms) = preSolution
		Debug|Any CPU = Debug|Any CPU
		Release|Any CPU = Release|Any CPU
	EndGlobalSection
	GlobalSection(ProjectConfigurationPlatforms) = postSolution
		{CEFB9EF7-3FBE-42A0-A339-C096979DCC4F}.Debug|Any CPU.ActiveCfg = Debug|Any CPU
		{CEFB9EF7-3FBE-42A0-A339-C096979DCC4F}.Debug|Any CPU.Build.0 = Debug|Any CPU
		{CEFB9EF7-3FBE-42A0-A339-C096979DCC4F}.Release|Any CPU.ActiveCfg = Release|Any CPU
		{CEFB9EF7-3FBE-42A0-A339-C096979DCC4F}.Release|Any CPU.Build.0 = Release|Any CPU
	EndGlobalSection
	GlobalSection(SolutionProperties) = preSolution
		HideSolutionNode = FALSE
	EndGlobalSection
	GlobalSection(ExtensibilityGlobals) = postSolution
		SolutionGuid = {3374AA79-5318-4D4F-835E-F1CC4EA08C56}
	EndGlobalSection
EndGlobal
